// !$*UTF8*$!
{
	archiveVersion = 1;
	classes = {
	};
	objectVersion = 56;
	objects = {

/* Begin PBXBuildFile section */
		AEF91A2A2CB7AFD00090F13E /* AppDelegate.swift in Sources */ = {isa = PBXBuildFile; fileRef = AEF91A292CB7AFD00090F13E /* AppDelegate.swift */; };
		AEF91A2C2CB7AFD00090F13E /* SceneDelegate.swift in Sources */ = {isa = PBXBuildFile; fileRef = AEF91A2B2CB7AFD00090F13E /* SceneDelegate.swift */; };
		AEF91A2E2CB7AFD00090F13E /* ViewController.swift in Sources */ = {isa = PBXBuildFile; fileRef = AEF91A2D2CB7AFD00090F13E /* ViewController.swift */; };
		AEF91A312CB7AFD00090F13E /* Main.storyboard in Resources */ = {isa = PBXBuildFile; fileRef = AEF91A2F2CB7AFD00090F13E /* Main.storyboard */; };
		AEF91A332CB7AFD10090F13E /* Assets.xcassets in Resources */ = {isa = PBXBuildFile; fileRef = AEF91A322CB7AFD10090F13E /* Assets.xcassets */; };
		AEF91A362CB7AFD10090F13E /* LaunchScreen.storyboard in Resources */ = {isa = PBXBuildFile; fileRef = AEF91A342CB7AFD10090F13E /* LaunchScreen.storyboard */; };
		AEF91A442CB7B01D0090F13E /* KeyboardViewController.swift in Sources */ = {isa = PBXBuildFile; fileRef = AEF91A432CB7B01D0090F13E /* KeyboardViewController.swift */; };
		AEF91A482CB7B01D0090F13E /* CustomKeyBoardExtension.appex in Embed Foundation Extensions */ = {isa = PBXBuildFile; fileRef = AEF91A412CB7B01D0090F13E /* CustomKeyBoardExtension.appex */; settings = {ATTRIBUTES = (RemoveHeadersOnCopy, ); }; };
/* End PBXBuildFile section */

/* Begin PBXContainerItemProxy section */
		AEF91A462CB7B01D0090F13E /* PBXContainerItemProxy */ = {
			isa = PBXContainerItemProxy;
			containerPortal = AEF91A1E2CB7AFD00090F13E /* Project object */;
			proxyType = 1;
			remoteGlobalIDString = AEF91A402CB7B01D0090F13E;
			remoteInfo = CustomKeyBoardExtension;
		};
/* End PBXContainerItemProxy section */

/* Begin PBXCopyFilesBuildPhase section */
		AEF91A4C2CB7B01D0090F13E /* Embed Foundation Extensions */ = {
			isa = PBXCopyFilesBuildPhase;
			buildActionMask = 2147483647;
			dstPath = "";
			dstSubfolderSpec = 13;
			files = (
				AEF91A482CB7B01D0090F13E /* CustomKeyBoardExtension.appex in Embed Foundation Extensions */,
			);
			name = "Embed Foundation Extensions";
			runOnlyForDeploymentPostprocessing = 0;
		};
/* End PBXCopyFilesBuildPhase section */

/* Begin PBXFileReference section */
		AEF91A262CB7AFD00090F13E /* CustomKeyBoard.app */ = {isa = PBXFileReference; explicitFileType = wrapper.application; includeInIndex = 0; path = CustomKeyBoard.app; sourceTree = BUILT_PRODUCTS_DIR; };
		AEF91A292CB7AFD00090F13E /* AppDelegate.swift */ = {isa = PBXFileReference; lastKnownFileType = sourcecode.swift; path = AppDelegate.swift; sourceTree = "<group>"; };
		AEF91A2B2CB7AFD00090F13E /* SceneDelegate.swift */ = {isa = PBXFileReference; lastKnownFileType = sourcecode.swift; path = SceneDelegate.swift; sourceTree = "<group>"; };
		AEF91A2D2CB7AFD00090F13E /* ViewController.swift */ = {isa = PBXFileReference; lastKnownFileType = sourcecode.swift; path = ViewController.swift; sourceTree = "<group>"; };
		AEF91A302CB7AFD00090F13E /* Base */ = {isa = PBXFileReference; lastKnownFileType = file.storyboard; name = Base; path = Base.lproj/Main.storyboard; sourceTree = "<group>"; };
		AEF91A322CB7AFD10090F13E /* Assets.xcassets */ = {isa = PBXFileReference; lastKnownFileType = folder.assetcatalog; path = Assets.xcassets; sourceTree = "<group>"; };
		AEF91A352CB7AFD10090F13E /* Base */ = {isa = PBXFileReference; lastKnownFileType = file.storyboard; name = Base; path = Base.lproj/LaunchScreen.storyboard; sourceTree = "<group>"; };
		AEF91A372CB7AFD10090F13E /* Info.plist */ = {isa = PBXFileReference; lastKnownFileType = text.plist.xml; path = Info.plist; sourceTree = "<group>"; };
		AEF91A412CB7B01D0090F13E /* CustomKeyBoardExtension.appex */ = {isa = PBXFileReference; explicitFileType = "wrapper.app-extension"; includeInIndex = 0; path = CustomKeyBoardExtension.appex; sourceTree = BUILT_PRODUCTS_DIR; };
		AEF91A432CB7B01D0090F13E /* KeyboardViewController.swift */ = {isa = PBXFileReference; lastKnownFileType = sourcecode.swift; path = KeyboardViewController.swift; sourceTree = "<group>"; };
		AEF91A452CB7B01D0090F13E /* Info.plist */ = {isa = PBXFileReference; lastKnownFileType = text.plist.xml; path = Info.plist; sourceTree = "<group>"; };
/* End PBXFileReference section */

/* Begin PBXFrameworksBuildPhase section */
		AEF91A232CB7AFD00090F13E /* Frameworks */ = {
			isa = PBXFrameworksBuildPhase;
			buildActionMask = 2147483647;
			files = (
			);
			runOnlyForDeploymentPostprocessing = 0;
		};
		AEF91A3E2CB7B01D0090F13E /* Frameworks */ = {
			isa = PBXFrameworksBuildPhase;
			buildActionMask = 2147483647;
			files = (
			);
			runOnlyForDeploymentPostprocessing = 0;
		};
/* End PBXFrameworksBuildPhase section */

/* Begin PBXGroup section */
		AEF91A1D2CB7AFD00090F13E = {
			isa = PBXGroup;
			children = (
				AEF91A282CB7AFD00090F13E /* CustomKeyBoard */,
				AEF91A422CB7B01D0090F13E /* CustomKeyBoardExtension */,
				AEF91A272CB7AFD00090F13E /* Products */,
			);
			sourceTree = "<group>";
		};
		AEF91A272CB7AFD00090F13E /* Products */ = {
			isa = PBXGroup;
			children = (
				AEF91A262CB7AFD00090F13E /* CustomKeyBoard.app */,
				AEF91A412CB7B01D0090F13E /* CustomKeyBoardExtension.appex */,
			);
			name = Products;
			sourceTree = "<group>";
		};
		AEF91A282CB7AFD00090F13E /* CustomKeyBoard */ = {
			isa = PBXGroup;
			children = (
				AEF91A292CB7AFD00090F13E /* AppDelegate.swift */,
				AEF91A2B2CB7AFD00090F13E /* SceneDelegate.swift */,
				AEF91A2D2CB7AFD00090F13E /* ViewController.swift */,
				AEF91A2F2CB7AFD00090F13E /* Main.storyboard */,
				AEF91A322CB7AFD10090F13E /* Assets.xcassets */,
				AEF91A342CB7AFD10090F13E /* LaunchScreen.storyboard */,
				AEF91A372CB7AFD10090F13E /* Info.plist */,
			);
			path = CustomKeyBoard;
			sourceTree = "<group>";
		};
		AEF91A422CB7B01D0090F13E /* CustomKeyBoardExtension */ = {
			isa = PBXGroup;
			children = (
				AEF91A432CB7B01D0090F13E /* KeyboardViewController.swift */,
				AEF91A452CB7B01D0090F13E /* Info.plist */,
			);
			path = CustomKeyBoardExtension;
			sourceTree = "<group>";
		};
/* End PBXGroup section */

/* Begin PBXNativeTarget section */
		AEF91A252CB7AFD00090F13E /* CustomKeyBoard */ = {
			isa = PBXNativeTarget;
			buildConfigurationList = AEF91A3A2CB7AFD10090F13E /* Build configuration list for PBXNativeTarget "CustomKeyBoard" */;
			buildPhases = (
				AEF91A222CB7AFD00090F13E /* Sources */,
				AEF91A232CB7AFD00090F13E /* Frameworks */,
				AEF91A242CB7AFD00090F13E /* Resources */,
				AEF91A4C2CB7B01D0090F13E /* Embed Foundation Extensions */,
			);
			buildRules = (
			);
			dependencies = (
				AEF91A472CB7B01D0090F13E /* PBXTargetDependency */,
			);
			name = CustomKeyBoard;
			productName = CustomKeyBoard;
			productReference = AEF91A262CB7AFD00090F13E /* CustomKeyBoard.app */;
			productType = "com.apple.product-type.application";
		};
		AEF91A402CB7B01D0090F13E /* CustomKeyBoardExtension */ = {
			isa = PBXNativeTarget;
			buildConfigurationList = AEF91A492CB7B01D0090F13E /* Build configuration list for PBXNativeTarget "CustomKeyBoardExtension" */;
			buildPhases = (
				AEF91A3D2CB7B01D0090F13E /* Sources */,
				AEF91A3E2CB7B01D0090F13E /* Frameworks */,
				AEF91A3F2CB7B01D0090F13E /* Resources */,
			);
			buildRules = (
			);
			dependencies = (
			);
			name = CustomKeyBoardExtension;
			productName = CustomKeyBoardExtension;
			productReference = AEF91A412CB7B01D0090F13E /* CustomKeyBoardExtension.appex */;
			productType = "com.apple.product-type.app-extension";
		};
/* End PBXNativeTarget section */

/* Begin PBXProject section */
		AEF91A1E2CB7AFD00090F13E /* Project object */ = {
			isa = PBXProject;
			attributes = {
				BuildIndependentTargetsInParallel = 1;
				LastSwiftUpdateCheck = 1500;
				LastUpgradeCheck = 1500;
				TargetAttributes = {
					AEF91A252CB7AFD00090F13E = {
						CreatedOnToolsVersion = 15.0;
					};
					AEF91A402CB7B01D0090F13E = {
						CreatedOnToolsVersion = 15.0;
					};
				};
			};
			buildConfigurationList = AEF91A212CB7AFD00090F13E /* Build configuration list for PBXProject "CustomKeyBoard" */;
			compatibilityVersion = "Xcode 14.0";
			developmentRegion = en;
			hasScannedForEncodings = 0;
			knownRegions = (
				en,
				Base,
			);
			mainGroup = AEF91A1D2CB7AFD00090F13E;
			productRefGroup = AEF91A272CB7AFD00090F13E /* Products */;
			projectDirPath = "";
			projectRoot = "";
			targets = (
				AEF91A252CB7AFD00090F13E /* CustomKeyBoard */,
				AEF91A402CB7B01D0090F13E /* CustomKeyBoardExtension */,
			);
		};
/* End PBXProject section */

/* Begin PBXResourcesBuildPhase section */
		AEF91A242CB7AFD00090F13E /* Resources */ = {
			isa = PBXResourcesBuildPhase;
			buildActionMask = 2147483647;
			files = (
				AEF91A362CB7AFD10090F13E /* LaunchScreen.storyboard in Resources */,
				AEF91A332CB7AFD10090F13E /* Assets.xcassets in Resources */,
				AEF91A312CB7AFD00090F13E /* Main.storyboard in Resources */,
			);
			runOnlyForDeploymentPostprocessing = 0;
		};
		AEF91A3F2CB7B01D0090F13E /* Resources */ = {
			isa = PBXResourcesBuildPhase;
			buildActionMask = 2147483647;
			files = (
			);
			runOnlyForDeploymentPostprocessing = 0;
		};
/* End PBXResourcesBuildPhase section */

/* Begin PBXSourcesBuildPhase section */
		AEF91A222CB7AFD00090F13E /* Sources */ = {
			isa = PBXSourcesBuildPhase;
			buildActionMask = 2147483647;
			files = (
				AEF91A2E2CB7AFD00090F13E /* ViewController.swift in Sources */,
				AEF91A2A2CB7AFD00090F13E /* AppDelegate.swift in Sources */,
				AEF91A2C2CB7AFD00090F13E /* SceneDelegate.swift in Sources */,
			);
			runOnlyForDeploymentPostprocessing = 0;
		};
		AEF91A3D2CB7B01D0090F13E /* Sources */ = {
			isa = PBXSourcesBuildPhase;
			buildActionMask = 2147483647;
			files = (
				AEF91A442CB7B01D0090F13E /* KeyboardViewController.swift in Sources */,
			);
			runOnlyForDeploymentPostprocessing = 0;
		};
/* End PBXSourcesBuildPhase section */

/* Begin PBXTargetDependency section */
		AEF91A472CB7B01D0090F13E /* PBXTargetDependency */ = {
			isa = PBXTargetDependency;
			target = AEF91A402CB7B01D0090F13E /* CustomKeyBoardExtension */;
			targetProxy = AEF91A462CB7B01D0090F13E /* PBXContainerItemProxy */;
		};
/* End PBXTargetDependency section */

/* Begin PBXVariantGroup section */
		AEF91A2F2CB7AFD00090F13E /* Main.storyboard */ = {
			isa = PBXVariantGroup;
			children = (
				AEF91A302CB7AFD00090F13E /* Base */,
			);
			name = Main.storyboard;
			sourceTree = "<group>";
		};
		AEF91A342CB7AFD10090F13E /* LaunchScreen.storyboard */ = {
			isa = PBXVariantGroup;
			children = (
				AEF91A352CB7AFD10090F13E /* Base */,
			);
			name = LaunchScreen.storyboard;
			sourceTree = "<group>";
		};
/* End PBXVariantGroup section */

/* Begin XCBuildConfiguration section */
		AEF91A382CB7AFD10090F13E /* Debug */ = {
			isa = XCBuildConfiguration;
			buildSettings = {
				ALWAYS_SEARCH_USER_PATHS = NO;
				ASSETCATALOG_COMPILER_GENERATE_SWIFT_ASSET_SYMBOL_EXTENSIONS = YES;
				CLANG_ANALYZER_NONNULL = YES;
				CLANG_ANALYZER_NUMBER_OBJECT_CONVERSION = YES_AGGRESSIVE;
				CLANG_CXX_LANGUAGE_STANDARD = "gnu++20";
				CLANG_ENABLE_MODULES = YES;
				CLANG_ENABLE_OBJC_ARC = YES;
				CLANG_ENABLE_OBJC_WEAK = YES;
				CLANG_WARN_BLOCK_CAPTURE_AUTORELEASING = YES;
				CLANG_WARN_BOOL_CONVERSION = YES;
				CLANG_WARN_COMMA = YES;
				CLANG_WARN_CONSTANT_CONVERSION = YES;
				CLANG_WARN_DEPRECATED_OBJC_IMPLEMENTATIONS = YES;
				CLANG_WARN_DIRECT_OBJC_ISA_USAGE = YES_ERROR;
				CLANG_WARN_DOCUMENTATION_COMMENTS = YES;
				CLANG_WARN_EMPTY_BODY = YES;
				CLANG_WARN_ENUM_CONVERSION = YES;
				CLANG_WARN_INFINITE_RECURSION = YES;
				CLANG_WARN_INT_CONVERSION = YES;
				CLANG_WARN_NON_LITERAL_NULL_CONVERSION = YES;
				CLANG_WARN_OBJC_IMPLICIT_RETAIN_SELF = YES;
				CLANG_WARN_OBJC_LITERAL_CONVERSION = YES;
				CLANG_WARN_OBJC_ROOT_CLASS = YES_ERROR;
				CLANG_WARN_QUOTED_INCLUDE_IN_FRAMEWORK_HEADER = YES;
				CLANG_WARN_RANGE_LOOP_ANALYSIS = YES;
				CLANG_WARN_STRICT_PROTOTYPES = YES;
				CLANG_WARN_SUSPICIOUS_MOVE = YES;
				CLANG_WARN_UNGUARDED_AVAILABILITY = YES_AGGRESSIVE;
				CLANG_WARN_UNREACHABLE_CODE = YES;
				CLANG_WARN__DUPLICATE_METHOD_MATCH = YES;
				COPY_PHASE_STRIP = NO;
				DEBUG_INFORMATION_FORMAT = dwarf;
				ENABLE_STRICT_OBJC_MSGSEND = YES;
				ENABLE_TESTABILITY = YES;
				ENABLE_USER_SCRIPT_SANDBOXING = YES;
				GCC_C_LANGUAGE_STANDARD = gnu17;
				GCC_DYNAMIC_NO_PIC = NO;
				GCC_NO_COMMON_BLOCKS = YES;
				GCC_OPTIMIZATION_LEVEL = 0;
				GCC_PREPROCESSOR_DEFINITIONS = (
					"DEBUG=1",
					"$(inherited)",
				);
				GCC_WARN_64_TO_32_BIT_CONVERSION = YES;
				GCC_WARN_ABOUT_RETURN_TYPE = YES_ERROR;
				GCC_WARN_UNDECLARED_SELECTOR = YES;
				GCC_WARN_UNINITIALIZED_AUTOS = YES_AGGRESSIVE;
				GCC_WARN_UNUSED_FUNCTION = YES;
				GCC_WARN_UNUSED_VARIABLE = YES;
				IPHONEOS_DEPLOYMENT_TARGET = 17.0;
				LOCALIZATION_PREFERS_STRING_CATALOGS = YES;
				MTL_ENABLE_DEBUG_INFO = INCLUDE_SOURCE;
				MTL_FAST_MATH = YES;
				ONLY_ACTIVE_ARCH = YES;
				SDKROOT = iphoneos;
				SWIFT_ACTIVE_COMPILATION_CONDITIONS = "DEBUG $(inherited)";
				SWIFT_OPTIMIZATION_LEVEL = "-Onone";
			};
			name = Debug;
		};
		AEF91A392CB7AFD10090F13E /* Release */ = {
			isa = XCBuildConfiguration;
			buildSettings = {
				ALWAYS_SEARCH_USER_PATHS = NO;
				ASSETCATALOG_COMPILER_GENERATE_SWIFT_ASSET_SYMBOL_EXTENSIONS = YES;
				CLANG_ANALYZER_NONNULL = YES;
				CLANG_ANALYZER_NUMBER_OBJECT_CONVERSION = YES_AGGRESSIVE;
				CLANG_CXX_LANGUAGE_STANDARD = "gnu++20";
				CLANG_ENABLE_MODULES = YES;
				CLANG_ENABLE_OBJC_ARC = YES;
				CLANG_ENABLE_OBJC_WEAK = YES;
				CLANG_WARN_BLOCK_CAPTURE_AUTORELEASING = YES;
				CLANG_WARN_BOOL_CONVERSION = YES;
				CLANG_WARN_COMMA = YES;
				CLANG_WARN_CONSTANT_CONVERSION = YES;
				CLANG_WARN_DEPRECATED_OBJC_IMPLEMENTATIONS = YES;
				CLANG_WARN_DIRECT_OBJC_ISA_USAGE = YES_ERROR;
				CLANG_WARN_DOCUMENTATION_COMMENTS = YES;
				CLANG_WARN_EMPTY_BODY = YES;
				CLANG_WARN_ENUM_CONVERSION = YES;
				CLANG_WARN_INFINITE_RECURSION = YES;
				CLANG_WARN_INT_CONVERSION = YES;
				CLANG_WARN_NON_LITERAL_NULL_CONVERSION = YES;
				CLANG_WARN_OBJC_IMPLICIT_RETAIN_SELF = YES;
				CLANG_WARN_OBJC_LITERAL_CONVERSION = YES;
				CLANG_WARN_OBJC_ROOT_CLASS = YES_ERROR;
				CLANG_WARN_QUOTED_INCLUDE_IN_FRAMEWORK_HEADER = YES;
				CLANG_WARN_RANGE_LOOP_ANALYSIS = YES;
				CLANG_WARN_STRICT_PROTOTYPES = YES;
				CLANG_WARN_SUSPICIOUS_MOVE = YES;
				CLANG_WARN_UNGUARDED_AVAILABILITY = YES_AGGRESSIVE;
				CLANG_WARN_UNREACHABLE_CODE = YES;
				CLANG_WARN__DUPLICATE_METHOD_MATCH = YES;
				COPY_PHASE_STRIP = NO;
				DEBUG_INFORMATION_FORMAT = "dwarf-with-dsym";
				ENABLE_NS_ASSERTIONS = NO;
				ENABLE_STRICT_OBJC_MSGSEND = YES;
				ENABLE_USER_SCRIPT_SANDBOXING = YES;
				GCC_C_LANGUAGE_STANDARD = gnu17;
				GCC_NO_COMMON_BLOCKS = YES;
				GCC_WARN_64_TO_32_BIT_CONVERSION = YES;
				GCC_WARN_ABOUT_RETURN_TYPE = YES_ERROR;
				GCC_WARN_UNDECLARED_SELECTOR = YES;
				GCC_WARN_UNINITIALIZED_AUTOS = YES_AGGRESSIVE;
				GCC_WARN_UNUSED_FUNCTION = YES;
				GCC_WARN_UNUSED_VARIABLE = YES;
				IPHONEOS_DEPLOYMENT_TARGET = 17.0;
				LOCALIZATION_PREFERS_STRING_CATALOGS = YES;
				MTL_ENABLE_DEBUG_INFO = NO;
				MTL_FAST_MATH = YES;
				SDKROOT = iphoneos;
				SWIFT_COMPILATION_MODE = wholemodule;
				VALIDATE_PRODUCT = YES;
			};
			name = Release;
		};
		AEF91A3B2CB7AFD10090F13E /* Debug */ = {
			isa = XCBuildConfiguration;
			buildSettings = {
				ALWAYS_EMBED_SWIFT_STANDARD_LIBRARIES = YES;
				ASSETCATALOG_COMPILER_APPICON_NAME = AppIcon;
				ASSETCATALOG_COMPILER_GLOBAL_ACCENT_COLOR_NAME = AccentColor;
				CODE_SIGN_STYLE = Automatic;
				CURRENT_PROJECT_VERSION = 1;
				GENERATE_INFOPLIST_FILE = YES;
				INFOPLIST_FILE = CustomKeyBoard/Info.plist;
				INFOPLIST_KEY_UIApplicationSupportsIndirectInputEvents = YES;
				INFOPLIST_KEY_UILaunchStoryboardName = LaunchScreen;
				INFOPLIST_KEY_UIMainStoryboardFile = Main;
				INFOPLIST_KEY_UISupportedInterfaceOrientations_iPad = "UIInterfaceOrientationPortrait UIInterfaceOrientationPortraitUpsideDown UIInterfaceOrientationLandscapeLeft UIInterfaceOrientationLandscapeRight";
				INFOPLIST_KEY_UISupportedInterfaceOrientations_iPhone = "UIInterfaceOrientationPortrait UIInterfaceOrientationLandscapeLeft UIInterfaceOrientationLandscapeRight";
				LD_RUNPATH_SEARCH_PATHS = (
					"$(inherited)",
					"@executable_path/Frameworks",
				);
				MARKETING_VERSION = 1.0;
				PRODUCT_BUNDLE_IDENTIFIER = com.ToanBarcelona1998.CustomKeyBoard;
				PRODUCT_NAME = "$(TARGET_NAME)";
				SWIFT_EMIT_LOC_STRINGS = YES;
				SWIFT_VERSION = 5.0;
				TARGETED_DEVICE_FAMILY = "1,2";
			};
			name = Debug;
		};
		AEF91A3C2CB7AFD10090F13E /* Release */ = {
			isa = XCBuildConfiguration;
			buildSettings = {
				ALWAYS_EMBED_SWIFT_STANDARD_LIBRARIES = YES;
				ASSETCATALOG_COMPILER_APPICON_NAME = AppIcon;
				ASSETCATALOG_COMPILER_GLOBAL_ACCENT_COLOR_NAME = AccentColor;
				CODE_SIGN_STYLE = Automatic;
				CURRENT_PROJECT_VERSION = 1;
				GENERATE_INFOPLIST_FILE = YES;
				INFOPLIST_FILE = CustomKeyBoard/Info.plist;
				INFOPLIST_KEY_UIApplicationSupportsIndirectInputEvents = YES;
				INFOPLIST_KEY_UILaunchStoryboardName = LaunchScreen;
				INFOPLIST_KEY_UIMainStoryboardFile = Main;
				INFOPLIST_KEY_UISupportedInterfaceOrientations_iPad = "UIInterfaceOrientationPortrait UIInterfaceOrientationPortraitUpsideDown UIInterfaceOrientationLandscapeLeft UIInterfaceOrientationLandscapeRight";
				INFOPLIST_KEY_UISupportedInterfaceOrientations_iPhone = "UIInterfaceOrientationPortrait UIInterfaceOrientationLandscapeLeft UIInterfaceOrientationLandscapeRight";
				LD_RUNPATH_SEARCH_PATHS = (
					"$(inherited)",
					"@executable_path/Frameworks",
				);
				MARKETING_VERSION = 1.0;
				PRODUCT_BUNDLE_IDENTIFIER = com.ToanBarcelona1998.CustomKeyBoard;
				PRODUCT_NAME = "$(TARGET_NAME)";
				SWIFT_EMIT_LOC_STRINGS = YES;
				SWIFT_VERSION = 5.0;
				TARGETED_DEVICE_FAMILY = "1,2";
			};
			name = Release;
		};
		AEF91A4A2CB7B01D0090F13E /* Debug */ = {
			isa = XCBuildConfiguration;
			buildSettings = {
				CODE_SIGN_STYLE = Automatic;
				CURRENT_PROJECT_VERSION = 1;
				GENERATE_INFOPLIST_FILE = YES;
				INFOPLIST_FILE = CustomKeyBoardExtension/Info.plist;
				INFOPLIST_KEY_CFBundleDisplayName = CustomKeyBoardExtension;
				INFOPLIST_KEY_NSHumanReadableCopyright = "";
				LD_RUNPATH_SEARCH_PATHS = (
					"$(inherited)",
					"@executable_path/Frameworks",
					"@executable_path/../../Frameworks",
				);
				MARKETING_VERSION = 1.0;
				PRODUCT_BUNDLE_IDENTIFIER = com.ToanBarcelona1998.CustomKeyBoard.CustomKeyBoardExtension;
				PRODUCT_NAME = "$(TARGET_NAME)";
				SKIP_INSTALL = YES;
				SWIFT_EMIT_LOC_STRINGS = YES;
				SWIFT_VERSION = 5.0;
				TARGETED_DEVICE_FAMILY = "1,2";
			};
			name = Debug;
		};
		AEF91A4B2CB7B01D0090F13E /* Release */ = {
			isa = XCBuildConfiguration;
			buildSettings = {
				CODE_SIGN_STYLE = Automatic;
				CURRENT_PROJECT_VERSION = 1;
				GENERATE_INFOPLIST_FILE = YES;
				INFOPLIST_FILE = CustomKeyBoardExtension/Info.plist;
				INFOPLIST_KEY_CFBundleDisplayName = CustomKeyBoardExtension;
				INFOPLIST_KEY_NSHumanReadableCopyright = "";
				LD_RUNPATH_SEARCH_PATHS = (
					"$(inherited)",
					"@executable_path/Frameworks",
					"@executable_path/../../Frameworks",
				);
				MARKETING_VERSION = 1.0;
				PRODUCT_BUNDLE_IDENTIFIER = com.ToanBarcelona1998.CustomKeyBoard.CustomKeyBoardExtension;
				PRODUCT_NAME = "$(TARGET_NAME)";
				SKIP_INSTALL = YES;
				SWIFT_EMIT_LOC_STRINGS = YES;
				SWIFT_VERSION = 5.0;
				TARGETED_DEVICE_FAMILY = "1,2";
			};
			name = Release;
		};
/* End XCBuildConfiguration section */

/* Begin XCConfigurationList section */
		AEF91A212CB7AFD00090F13E /* Build configuration list for PBXProject "CustomKeyBoard" */ = {
			isa = XCConfigurationList;
			buildConfigurations = (
				AEF91A382CB7AFD10090F13E /* Debug */,
				AEF91A392CB7AFD10090F13E /* Release */,
			);
			defaultConfigurationIsVisible = 0;
			defaultConfigurationName = Release;
		};
		AEF91A3A2CB7AFD10090F13E /* Build configuration list for PBXNativeTarget "CustomKeyBoard" */ = {
			isa = XCConfigurationList;
			buildConfigurations = (
				AEF91A3B2CB7AFD10090F13E /* Debug */,
				AEF91A3C2CB7AFD10090F13E /* Release */,
			);
			defaultConfigurationIsVisible = 0;
			defaultConfigurationName = Release;
		};
		AEF91A492CB7B01D0090F13E /* Build configuration list for PBXNativeTarget "CustomKeyBoardExtension" */ = {
			isa = XCConfigurationList;
			buildConfigurations = (
				AEF91A4A2CB7B01D0090F13E /* Debug */,
				AEF91A4B2CB7B01D0090F13E /* Release */,
			);
			defaultConfigurationIsVisible = 0;
			defaultConfigurationName = Release;
		};
/* End XCConfigurationList section */
	};
	rootObject = AEF91A1E2CB7AFD00090F13E /* Project object */;
}
